
Microsoft Visual Studio Solution File, Format Version 12.00
# Visual Studio Version 16
VisualStudioVersion = 16.0.31702.278
MinimumVisualStudioVersion = 10.0.40219.1
Project("{FAE04EC0-301F-11D3-BF4B-00C04F79EFBC}") = "HWork2", "HWork2\HWork2.csproj", "{005DE58A-6A08-4669-93F0-7299A4F90D03}"
EndProject
Global
	GlobalSection(SolutionConfigurationPlatforms) = preSolution
		Debug|Any CPU = Debug|Any CPU
		Release|Any CPU = Release|Any CPU
	EndGlobalSection
	GlobalSection(ProjectConfigurationPlatforms) = postSolution
		{005DE58A-6A08-4669-93F0-7299A4F90D03}.Debug|Any CPU.ActiveCfg = Debug|Any CPU
		{005DE58A-6A08-4669-93F0-7299A4F90D03}.Debug|Any CPU.Build.0 = Debug|Any CPU
		{005DE58A-6A08-4669-93F0-7299A4F90D03}.Release|Any CPU.ActiveCfg = Release|Any CPU
		{005DE58A-6A08-4669-93F0-7299A4F90D03}.Release|Any CPU.Build.0 = Release|Any CPU
	EndGlobalSection
	GlobalSection(SolutionProperties) = preSolution
		HideSolutionNode = FALSE
	EndGlobalSection
	GlobalSection(ExtensibilityGlobals) = postSolution
		SolutionGuid = {A71D6684-8314-4C13-B4E9-66FAF0A37CB6}
	EndGlobalSection
EndGlobal
